{
  "nodes": {
    "nixpkgs": {
      "locked": {
        "lastModified": 1781074563,
        "narHash": "sha256-md8WlXOlfnIeHeOScMTTHFyf2d6iaTwPl2apR5EQ3P4=",
        "owner": "nixos",
        "repo": "nixpkgs",
        "rev": "9ae611a455b90cf061d8f332b977e387bda8e1ca",
        "type": "github"
      },
      "original": {
        "owner": "nixos",
        "ref": "nixos-unstable",
        "repo": "nixpkgs",
        "type": "github"
      }
    },
    "paseo": {
      "inputs": {
        "nixpkgs": [
          "nixpkgs"
        ]
      },
      "locked": {
        "lastModified": 1781856322,
        "narHash": "sha256-tUlEKhURQOTjh8mHBgghETWI6D8ksYqI078C41fq554=",
        "owner": "caoer",
        "repo": "paseo",
        "rev": "25e8ae95a0d5ba1bc6c3d814364c3da96f120c56",
        "type": "github"
      },
      "original": {
        "owner": "caoer",
        "ref": "25e8ae95a",
        "repo": "paseo",
        "type": "github"
      }
    },
    "root": {
      "inputs": {
        "nixpkgs": "nixpkgs",
        "paseo": "paseo"
      }
    }
  },
  "root": "root",
  "version": 7
}
