{
  "nodes": {
    "nixpkgs": {
      "locked": {
        "lastModified": 1781074563,
        "narHash": "sha256-md8WlXOlfnIeHeOScMTTHFyf2d6iaTwPl2apR5EQ3P4=",
        "owner": "nixos",
        "repo": "nixpkgs",
        "rev": "9ae611a455b90cf061d8f332b977e387bda8e1ca",
        "type": "github"
      },
      "original": {
        "owner": "nixos",
        "ref": "nixos-unstable",
        "repo": "nixpkgs",
        "type": "github"
      }
    },
    "paseo": {
      "inputs": {
        "nixpkgs": [
          "nixpkgs"
        ]
      },
      "locked": {
        "lastModified": 1781822863,
        "narHash": "sha256-9Pl90VXngGSKWXQw/VUpVlkLBEjvtoeEQgztUAI7eF4=",
        "owner": "getpaseo",
        "repo": "paseo",
        "rev": "60cf566b79938d62095f93faa07525d279f4a8e4",
        "type": "github"
      },
      "original": {
        "owner": "getpaseo",
        "repo": "paseo",
        "rev": "60cf566b79938d62095f93faa07525d279f4a8e4",
        "type": "github"
      }
    },
    "root": {
      "inputs": {
        "nixpkgs": "nixpkgs",
        "paseo": "paseo"
      }
    }
  },
  "root": "root",
  "version": 7
}
