{
  "nodes": {
    "nixpkgs": {
      "locked": {
        "lastModified": 1781074563,
        "narHash": "sha256-md8WlXOlfnIeHeOScMTTHFyf2d6iaTwPl2apR5EQ3P4=",
        "owner": "nixos",
        "repo": "nixpkgs",
        "rev": "9ae611a455b90cf061d8f332b977e387bda8e1ca",
        "type": "github"
      },
      "original": {
        "owner": "nixos",
        "ref": "nixos-unstable",
        "repo": "nixpkgs",
        "type": "github"
      }
    },
    "paseo": {
      "inputs": {
        "nixpkgs": [
          "nixpkgs"
        ]
      },
      "locked": {
        "lastModified": 1781823113,
        "narHash": "sha256-tUlEKhURQOTjh8mHBgghETWI6D8ksYqI078C41fq554=",
        "owner": "getpaseo",
        "repo": "paseo",
        "rev": "d0189f3f65e35d758fb232049834e3f584a1a8f4",
        "type": "github"
      },
      "original": {
        "owner": "getpaseo",
        "ref": "d0189f3f65",
        "repo": "paseo",
        "type": "github"
      }
    },
    "root": {
      "inputs": {
        "nixpkgs": "nixpkgs",
        "paseo": "paseo"
      }
    }
  },
  "root": "root",
  "version": 7
}
